// !$*UTF8*$!
{
	archiveVersion = 1;
	classes = {
	};
	objectVersion = 50;
	objects = {

/* Begin PBXBuildFile section */
		CF912623242C81AA009E22F1 /* AppDelegate.m in Sources */ = {isa = PBXBuildFile; fileRef = CF912622242C81AA009E22F1 /* AppDelegate.m */; };
		CF912626242C81AA009E22F1 /* SceneDelegate.m in Sources */ = {isa = PBXBuildFile; fileRef = CF912625242C81AA009E22F1 /* SceneDelegate.m */; };
		CF912629242C81AA009E22F1 /* ViewController.m in Sources */ = {isa = PBXBuildFile; fileRef = CF912628242C81AA009E22F1 /* ViewController.m */; };
		CF91262C242C81AA009E22F1 /* Main.storyboard in Resources */ = {isa = PBXBuildFile; fileRef = CF91262A242C81AA009E22F1 /* Main.storyboard */; };
		CF91262E242C81AE009E22F1 /* Assets.xcassets in Resources */ = {isa = PBXBuildFile; fileRef = CF91262D242C81AE009E22F1 /* Assets.xcassets */; };
		CF912631242C81AE009E22F1 /* LaunchScreen.storyboard in Resources */ = {isa = PBXBuildFile; fileRef = CF91262F242C81AE009E22F1 /* LaunchScreen.storyboard */; };
		CF912634242C81AE009E22F1 /* main.m in Sources */ = {isa = PBXBuildFile; fileRef = CF912633242C81AE009E22F1 /* main.m */; };
		CF91263E242C8200009E22F1 /* OrderTravel.c in Sources */ = {isa = PBXBuildFile; fileRef = CF91263D242C8200009E22F1 /* OrderTravel.c */; };
/* End PBXBuildFile section */

/* Begin PBXFileReference section */
		CF91261E242C81AA009E22F1 /* 2subtreeDemo.app */ = {isa = PBXFileReference; explicitFileType = wrapper.application; includeInIndex = 0; path = 2subtreeDemo.app; sourceTree = BUILT_PRODUCTS_DIR; };
		CF912621242C81AA009E22F1 /* AppDelegate.h */ = {isa = PBXFileReference; lastKnownFileType = sourcecode.c.h; path = AppDelegate.h; sourceTree = "<group>"; };
		CF912622242C81AA009E22F1 /* AppDelegate.m */ = {isa = PBXFileReference; lastKnownFileType = sourcecode.c.objc; path = AppDelegate.m; sourceTree = "<group>"; };
		CF912624242C81AA009E22F1 /* SceneDelegate.h */ = {isa = PBXFileReference; lastKnownFileType = sourcecode.c.h; path = SceneDelegate.h; sourceTree = "<group>"; };
		CF912625242C81AA009E22F1 /* SceneDelegate.m */ = {isa = PBXFileReference; lastKnownFileType = sourcecode.c.objc; path = SceneDelegate.m; sourceTree = "<group>"; };
		CF912627242C81AA009E22F1 /* ViewController.h */ = {isa = PBXFileReference; lastKnownFileType = sourcecode.c.h; path = ViewController.h; sourceTree = "<group>"; };
		CF912628242C81AA009E22F1 /* ViewController.m */ = {isa = PBXFileReference; lastKnownFileType = sourcecode.c.objc; path = ViewController.m; sourceTree = "<group>"; };
		CF91262B242C81AA009E22F1 /* Base */ = {isa = PBXFileReference; lastKnownFileType = file.storyboard; name = Base; path = Base.lproj/Main.storyboard; sourceTree = "<group>"; };
		CF91262D242C81AE009E22F1 /* Assets.xcassets */ = {isa = PBXFileReference; lastKnownFileType = folder.assetcatalog; path = Assets.xcassets; sourceTree = "<group>"; };
		CF912630242C81AE009E22F1 /* Base */ = {isa = PBXFileReference; lastKnownFileType = file.storyboard; name = Base; path = Base.lproj/LaunchScreen.storyboard; sourceTree = "<group>"; };
		CF912632242C81AE009E22F1 /* Info.plist */ = {isa = PBXFileReference; lastKnownFileType = text.plist.xml; path = Info.plist; sourceTree = "<group>"; };
		CF912633242C81AE009E22F1 /* main.m */ = {isa = PBXFileReference; lastKnownFileType = sourcecode.c.objc; path = main.m; sourceTree = "<group>"; };
		CF91263C242C8200009E22F1 /* OrderTravel.h */ = {isa = PBXFileReference; lastKnownFileType = sourcecode.c.h; path = OrderTravel.h; sourceTree = "<group>"; };
		CF91263D242C8200009E22F1 /* OrderTravel.c */ = {isa = PBXFileReference; lastKnownFileType = sourcecode.c.c; path = OrderTravel.c; sourceTree = "<group>"; };
/* End PBXFileReference section */

/* Begin PBXFrameworksBuildPhase section */
		CF91261B242C81AA009E22F1 /* Frameworks */ = {
			isa = PBXFrameworksBuildPhase;
			buildActionMask = 2147483647;
			files = (
			);
			runOnlyForDeploymentPostprocessing = 0;
		};
/* End PBXFrameworksBuildPhase section */

/* Begin PBXGroup section */
		CF912615242C81AA009E22F1 = {
			isa = PBXGroup;
			children = (
				CF912620242C81AA009E22F1 /* 2subtreeDemo */,
				CF91261F242C81AA009E22F1 /* Products */,
			);
			sourceTree = "<group>";
		};
		CF91261F242C81AA009E22F1 /* Products */ = {
			isa = PBXGroup;
			children = (
				CF91261E242C81AA009E22F1 /* 2subtreeDemo.app */,
			);
			name = Products;
			sourceTree = "<group>";
		};
		CF912620242C81AA009E22F1 /* 2subtreeDemo */ = {
			isa = PBXGroup;
			children = (
				CF91263A242C81BC009E22F1 /* Sections */,
				CF912621242C81AA009E22F1 /* AppDelegate.h */,
				CF912622242C81AA009E22F1 /* AppDelegate.m */,
				CF912624242C81AA009E22F1 /* SceneDelegate.h */,
				CF912625242C81AA009E22F1 /* SceneDelegate.m */,
				CF912627242C81AA009E22F1 /* ViewController.h */,
				CF912628242C81AA009E22F1 /* ViewController.m */,
				CF91262A242C81AA009E22F1 /* Main.storyboard */,
				CF91262D242C81AE009E22F1 /* Assets.xcassets */,
				CF91262F242C81AE009E22F1 /* LaunchScreen.storyboard */,
				CF912632242C81AE009E22F1 /* Info.plist */,
				CF912633242C81AE009E22F1 /* main.m */,
			);
			path = 2subtreeDemo;
			sourceTree = "<group>";
		};
		CF91263A242C81BC009E22F1 /* Sections */ = {
			isa = PBXGroup;
			children = (
				CF91263B242C81CF009E22F1 /* OrderTravel */,
			);
			path = Sections;
			sourceTree = "<group>";
		};
		CF91263B242C81CF009E22F1 /* OrderTravel */ = {
			isa = PBXGroup;
			children = (
				CF91263C242C8200009E22F1 /* OrderTravel.h */,
				CF91263D242C8200009E22F1 /* OrderTravel.c */,
			);
			path = OrderTravel;
			sourceTree = "<group>";
		};
/* End PBXGroup section */

/* Begin PBXNativeTarget section */
		CF91261D242C81AA009E22F1 /* 2subtreeDemo */ = {
			isa = PBXNativeTarget;
			buildConfigurationList = CF912637242C81AE009E22F1 /* Build configuration list for PBXNativeTarget "2subtreeDemo" */;
			buildPhases = (
				CF91261A242C81AA009E22F1 /* Sources */,
				CF91261B242C81AA009E22F1 /* Frameworks */,
				CF91261C242C81AA009E22F1 /* Resources */,
			);
			buildRules = (
			);
			dependencies = (
			);
			name = 2subtreeDemo;
			productName = 2subtreeDemo;
			productReference = CF91261E242C81AA009E22F1 /* 2subtreeDemo.app */;
			productType = "com.apple.product-type.application";
		};
/* End PBXNativeTarget section */

/* Begin PBXProject section */
		CF912616242C81AA009E22F1 /* Project object */ = {
			isa = PBXProject;
			attributes = {
				LastUpgradeCheck = 1130;
				ORGANIZATIONNAME = maoqiang;
				TargetAttributes = {
					CF91261D242C81AA009E22F1 = {
						CreatedOnToolsVersion = 11.3.1;
					};
				};
			};
			buildConfigurationList = CF912619242C81AA009E22F1 /* Build configuration list for PBXProject "2subtreeDemo" */;
			compatibilityVersion = "Xcode 9.3";
			developmentRegion = en;
			hasScannedForEncodings = 0;
			knownRegions = (
				en,
				Base,
			);
			mainGroup = CF912615242C81AA009E22F1;
			productRefGroup = CF91261F242C81AA009E22F1 /* Products */;
			projectDirPath = "";
			projectRoot = "";
			targets = (
				CF91261D242C81AA009E22F1 /* 2subtreeDemo */,
			);
		};
/* End PBXProject section */

/* Begin PBXResourcesBuildPhase section */
		CF91261C242C81AA009E22F1 /* Resources */ = {
			isa = PBXResourcesBuildPhase;
			buildActionMask = 2147483647;
			files = (
				CF912631242C81AE009E22F1 /* LaunchScreen.storyboard in Resources */,
				CF91262E242C81AE009E22F1 /* Assets.xcassets in Resources */,
				CF91262C242C81AA009E22F1 /* Main.storyboard in Resources */,
			);
			runOnlyForDeploymentPostprocessing = 0;
		};
/* End PBXResourcesBuildPhase section */

/* Begin PBXSourcesBuildPhase section */
		CF91261A242C81AA009E22F1 /* Sources */ = {
			isa = PBXSourcesBuildPhase;
			buildActionMask = 2147483647;
			files = (
				CF912629242C81AA009E22F1 /* ViewController.m in Sources */,
				CF91263E242C8200009E22F1 /* OrderTravel.c in Sources */,
				CF912623242C81AA009E22F1 /* AppDelegate.m in Sources */,
				CF912634242C81AE009E22F1 /* main.m in Sources */,
				CF912626242C81AA009E22F1 /* SceneDelegate.m in Sources */,
			);
			runOnlyForDeploymentPostprocessing = 0;
		};
/* End PBXSourcesBuildPhase section */

/* Begin PBXVariantGroup section */
		CF91262A242C81AA009E22F1 /* Main.storyboard */ = {
			isa = PBXVariantGroup;
			children = (
				CF91262B242C81AA009E22F1 /* Base */,
			);
			name = Main.storyboard;
			sourceTree = "<group>";
		};
		CF91262F242C81AE009E22F1 /* LaunchScreen.storyboard */ = {
			isa = PBXVariantGroup;
			children = (
				CF912630242C81AE009E22F1 /* Base */,
			);
			name = LaunchScreen.storyboard;
			sourceTree = "<group>";
		};
/* End PBXVariantGroup section */

/* Begin XCBuildConfiguration section */
		CF912635242C81AE009E22F1 /* Debug */ = {
			isa = XCBuildConfiguration;
			buildSettings = {
				ALWAYS_SEARCH_USER_PATHS = NO;
				CLANG_ANALYZER_NONNULL = YES;
				CLANG_ANALYZER_NUMBER_OBJECT_CONVERSION = YES_AGGRESSIVE;
				CLANG_CXX_LANGUAGE_STANDARD = "gnu++14";
				CLANG_CXX_LIBRARY = "libc++";
				CLANG_ENABLE_MODULES = YES;
				CLANG_ENABLE_OBJC_ARC = YES;
				CLANG_ENABLE_OBJC_WEAK = YES;
				CLANG_WARN_BLOCK_CAPTURE_AUTORELEASING = YES;
				CLANG_WARN_BOOL_CONVERSION = YES;
				CLANG_WARN_COMMA = YES;
				CLANG_WARN_CONSTANT_CONVERSION = YES;
				CLANG_WARN_DEPRECATED_OBJC_IMPLEMENTATIONS = YES;
				CLANG_WARN_DIRECT_OBJC_ISA_USAGE = YES_ERROR;
				CLANG_WARN_DOCUMENTATION_COMMENTS = YES;
				CLANG_WARN_EMPTY_BODY = YES;
				CLANG_WARN_ENUM_CONVERSION = YES;
				CLANG_WARN_INFINITE_RECURSION = YES;
				CLANG_WARN_INT_CONVERSION = YES;
				CLANG_WARN_NON_LITERAL_NULL_CONVERSION = YES;
				CLANG_WARN_OBJC_IMPLICIT_RETAIN_SELF = YES;
				CLANG_WARN_OBJC_LITERAL_CONVERSION = YES;
				CLANG_WARN_OBJC_ROOT_CLASS = YES_ERROR;
				CLANG_WARN_RANGE_LOOP_ANALYSIS = YES;
				CLANG_WARN_STRICT_PROTOTYPES = YES;
				CLANG_WARN_SUSPICIOUS_MOVE = YES;
				CLANG_WARN_UNGUARDED_AVAILABILITY = YES_AGGRESSIVE;
				CLANG_WARN_UNREACHABLE_CODE = YES;
				CLANG_WARN__DUPLICATE_METHOD_MATCH = YES;
				COPY_PHASE_STRIP = NO;
				DEBUG_INFORMATION_FORMAT = dwarf;
				ENABLE_STRICT_OBJC_MSGSEND = YES;
				ENABLE_TESTABILITY = YES;
				GCC_C_LANGUAGE_STANDARD = gnu11;
				GCC_DYNAMIC_NO_PIC = NO;
				GCC_NO_COMMON_BLOCKS = YES;
				GCC_OPTIMIZATION_LEVEL = 0;
				GCC_PREPROCESSOR_DEFINITIONS = (
					"DEBUG=1",
					"$(inherited)",
				);
				GCC_WARN_64_TO_32_BIT_CONVERSION = YES;
				GCC_WARN_ABOUT_RETURN_TYPE = YES_ERROR;
				GCC_WARN_UNDECLARED_SELECTOR = YES;
				GCC_WARN_UNINITIALIZED_AUTOS = YES_AGGRESSIVE;
				GCC_WARN_UNUSED_FUNCTION = YES;
				GCC_WARN_UNUSED_VARIABLE = YES;
				IPHONEOS_DEPLOYMENT_TARGET = 13.2;
				MTL_ENABLE_DEBUG_INFO = INCLUDE_SOURCE;
				MTL_FAST_MATH = YES;
				ONLY_ACTIVE_ARCH = YES;
				SDKROOT = iphoneos;
			};
			name = Debug;
		};
		CF912636242C81AE009E22F1 /* Release */ = {
			isa = XCBuildConfiguration;
			buildSettings = {
				ALWAYS_SEARCH_USER_PATHS = NO;
				CLANG_ANALYZER_NONNULL = YES;
				CLANG_ANALYZER_NUMBER_OBJECT_CONVERSION = YES_AGGRESSIVE;
				CLANG_CXX_LANGUAGE_STANDARD = "gnu++14";
				CLANG_CXX_LIBRARY = "libc++";
				CLANG_ENABLE_MODULES = YES;
				CLANG_ENABLE_OBJC_ARC = YES;
				CLANG_ENABLE_OBJC_WEAK = YES;
				CLANG_WARN_BLOCK_CAPTURE_AUTORELEASING = YES;
				CLANG_WARN_BOOL_CONVERSION = YES;
				CLANG_WARN_COMMA = YES;
				CLANG_WARN_CONSTANT_CONVERSION = YES;
				CLANG_WARN_DEPRECATED_OBJC_IMPLEMENTATIONS = YES;
				CLANG_WARN_DIRECT_OBJC_ISA_USAGE = YES_ERROR;
				CLANG_WARN_DOCUMENTATION_COMMENTS = YES;
				CLANG_WARN_EMPTY_BODY = YES;
				CLANG_WARN_ENUM_CONVERSION = YES;
				CLANG_WARN_INFINITE_RECURSION = YES;
				CLANG_WARN_INT_CONVERSION = YES;
				CLANG_WARN_NON_LITERAL_NULL_CONVERSION = YES;
				CLANG_WARN_OBJC_IMPLICIT_RETAIN_SELF = YES;
				CLANG_WARN_OBJC_LITERAL_CONVERSION = YES;
				CLANG_WARN_OBJC_ROOT_CLASS = YES_ERROR;
				CLANG_WARN_RANGE_LOOP_ANALYSIS = YES;
				CLANG_WARN_STRICT_PROTOTYPES = YES;
				CLANG_WARN_SUSPICIOUS_MOVE = YES;
				CLANG_WARN_UNGUARDED_AVAILABILITY = YES_AGGRESSIVE;
				CLANG_WARN_UNREACHABLE_CODE = YES;
				CLANG_WARN__DUPLICATE_METHOD_MATCH = YES;
				COPY_PHASE_STRIP = NO;
				DEBUG_INFORMATION_FORMAT = "dwarf-with-dsym";
				ENABLE_NS_ASSERTIONS = NO;
				ENABLE_STRICT_OBJC_MSGSEND = YES;
				GCC_C_LANGUAGE_STANDARD = gnu11;
				GCC_NO_COMMON_BLOCKS = YES;
				GCC_WARN_64_TO_32_BIT_CONVERSION = YES;
				GCC_WARN_ABOUT_RETURN_TYPE = YES_ERROR;
				GCC_WARN_UNDECLARED_SELECTOR = YES;
				GCC_WARN_UNINITIALIZED_AUTOS = YES_AGGRESSIVE;
				GCC_WARN_UNUSED_FUNCTION = YES;
				GCC_WARN_UNUSED_VARIABLE = YES;
				IPHONEOS_DEPLOYMENT_TARGET = 13.2;
				MTL_ENABLE_DEBUG_INFO = NO;
				MTL_FAST_MATH = YES;
				SDKROOT = iphoneos;
				VALIDATE_PRODUCT = YES;
			};
			name = Release;
		};
		CF912638242C81AE009E22F1 /* Debug */ = {
			isa = XCBuildConfiguration;
			buildSettings = {
				ASSETCATALOG_COMPILER_APPICON_NAME = AppIcon;
				CODE_SIGN_STYLE = Automatic;
				DEVELOPMENT_TEAM = RTTFCYCQG4;
				INFOPLIST_FILE = 2subtreeDemo/Info.plist;
				LD_RUNPATH_SEARCH_PATHS = (
					"$(inherited)",
					"@executable_path/Frameworks",
				);
				PRODUCT_BUNDLE_IDENTIFIER = "kylo.mooa-gmail.com.-subtreeDemo";
				PRODUCT_NAME = "$(TARGET_NAME)";
				TARGETED_DEVICE_FAMILY = "1,2";
			};
			name = Debug;
		};
		CF912639242C81AE009E22F1 /* Release */ = {
			isa = XCBuildConfiguration;
			buildSettings = {
				ASSETCATALOG_COMPILER_APPICON_NAME = AppIcon;
				CODE_SIGN_STYLE = Automatic;
				DEVELOPMENT_TEAM = RTTFCYCQG4;
				INFOPLIST_FILE = 2subtreeDemo/Info.plist;
				LD_RUNPATH_SEARCH_PATHS = (
					"$(inherited)",
					"@executable_path/Frameworks",
				);
				PRODUCT_BUNDLE_IDENTIFIER = "kylo.mooa-gmail.com.-subtreeDemo";
				PRODUCT_NAME = "$(TARGET_NAME)";
				TARGETED_DEVICE_FAMILY = "1,2";
			};
			name = Release;
		};
/* End XCBuildConfiguration section */

/* Begin XCConfigurationList section */
		CF912619242C81AA009E22F1 /* Build configuration list for PBXProject "2subtreeDemo" */ = {
			isa = XCConfigurationList;
			buildConfigurations = (
				CF912635242C81AE009E22F1 /* Debug */,
				CF912636242C81AE009E22F1 /* Release */,
			);
			defaultConfigurationIsVisible = 0;
			defaultConfigurationName = Release;
		};
		CF912637242C81AE009E22F1 /* Build configuration list for PBXNativeTarget "2subtreeDemo" */ = {
			isa = XCConfigurationList;
			buildConfigurations = (
				CF912638242C81AE009E22F1 /* Debug */,
				CF912639242C81AE009E22F1 /* Release */,
			);
			defaultConfigurationIsVisible = 0;
			defaultConfigurationName = Release;
		};
/* End XCConfigurationList section */
	};
	rootObject = CF912616242C81AA009E22F1 /* Project object */;
}
